# @generated - this file is auto-generated by `mise lock` https://mise.jdx.dev/dev-tools/mise-lock.html

[[tools.go]]
version = "1.26.4"
backend = "core:go"

[tools.go."platforms.linux-x64"]
checksum = "sha256:1153d3d50e0ac764b447adfe05c2bcf08e889d42a02e0fe0259bd47f6733ad7f"
url = "https://dl.google.com/go/go1.26.4.linux-amd64.tar.gz"

[tools.go."platforms.linux-x64-musl"]
checksum = "sha256:1153d3d50e0ac764b447adfe05c2bcf08e889d42a02e0fe0259bd47f6733ad7f"
url = "https://dl.google.com/go/go1.26.4.linux-amd64.tar.gz"

[tools.go."platforms.macos-arm64"]
checksum = "sha256:b62ad2b6d7d2464f12a5bcad7ff47f19d08325773b5efd21610e445a05a9bf53"
url = "https://dl.google.com/go/go1.26.4.darwin-arm64.tar.gz"

[[tools."go:github.com/cloudflare/cfssl/cmd/cfssl"]]
version = "1.6.5"
backend = "go:github.com/cloudflare/cfssl/cmd/cfssl"

[[tools."go:github.com/cloudflare/cfssl/cmd/cfssljson"]]
version = "1.6.5"
backend = "go:github.com/cloudflare/cfssl/cmd/cfssljson"

[[tools."go:github.com/google/addlicense"]]
version = "v1.2.0"
backend = "go:github.com/google/addlicense"

[[tools."go:github.com/google/go-licenses/v2"]]
version = "v2.0.1"
backend = "go:github.com/google/go-licenses/v2"

[[tools."go:github.com/nats-io/nkeys/nk"]]
version = "0.4.15"
backend = "go:github.com/nats-io/nkeys/nk"

[[tools."go:github.com/nats-io/nsc/v2"]]
version = "2.14.0"
backend = "go:github.com/nats-io/nsc/v2"

[[tools.helm]]
version = "v4.2.2"
backend = "aqua:helm/helm"

[tools.helm."platforms.linux-x64"]
checksum = "sha256:9adafecab4d406853bba163a70e9f104f47dbbf65ce24b7653bae7e36150bcb6"
url = "https://get.helm.sh/helm-v4.2.2-linux-amd64.tar.gz"

[tools.helm."platforms.linux-x64-musl"]
checksum = "sha256:9adafecab4d406853bba163a70e9f104f47dbbf65ce24b7653bae7e36150bcb6"
url = "https://get.helm.sh/helm-v4.2.2-linux-amd64.tar.gz"

[tools.helm."platforms.macos-arm64"]
checksum = "sha256:5410a0dae3d5d91f45653b161260d9301aabc4ae80ae50a6605d66884b6df8ea"
url = "https://get.helm.sh/helm-v4.2.2-darwin-arm64.tar.gz"

[[tools.jq]]
version = "1.8.2"
backend = "aqua:jqlang/jq"

[tools.jq."platforms.linux-x64"]
checksum = "sha256:b1c22172dd303f3be49e935aa56aa48a8b7a46e0bc838b4997d3bb451495870f"
url = "https://github.com/jqlang/jq/releases/download/jq-1.8.2/jq-linux-amd64"
url_api = "https://api.github.com/repos/jqlang/jq/releases/assets/453012752"
provenance = "github-attestations"

[tools.jq."platforms.linux-x64-musl"]
checksum = "sha256:b1c22172dd303f3be49e935aa56aa48a8b7a46e0bc838b4997d3bb451495870f"
url = "https://github.com/jqlang/jq/releases/download/jq-1.8.2/jq-linux-amd64"
url_api = "https://api.github.com/repos/jqlang/jq/releases/assets/453012752"
provenance = "github-attestations"

[tools.jq."platforms.macos-arm64"]
checksum = "sha256:2d75340ba57a4b4b4c8708a21c2dc8e958a48aaa8bba13b27f77f6e4c0eca07e"
url = "https://github.com/jqlang/jq/releases/download/jq-1.8.2/jq-macos-arm64"
url_api = "https://api.github.com/repos/jqlang/jq/releases/assets/453012783"
provenance = "github-attestations"

[[tools.k6]]
version = "v1.3.0"
backend = "aqua:grafana/k6"

[tools.k6."platforms.linux-x64"]
checksum = "sha256:84d26fc1f7bc03e02f2e016b3b1b20c032e05dfe461fca82de4e3a6ebe72ddbd"
url = "https://github.com/grafana/k6/releases/download/v1.3.0/k6-v1.3.0-linux-amd64.tar.gz"
url_api = "https://api.github.com/repos/grafana/k6/releases/assets/296330559"

[tools.k6."platforms.linux-x64-musl"]
checksum = "sha256:84d26fc1f7bc03e02f2e016b3b1b20c032e05dfe461fca82de4e3a6ebe72ddbd"
url = "https://github.com/grafana/k6/releases/download/v1.3.0/k6-v1.3.0-linux-amd64.tar.gz"
url_api = "https://api.github.com/repos/grafana/k6/releases/assets/296330559"

[tools.k6."platforms.macos-arm64"]
checksum = "sha256:eb06b22418e26f7394023e53aaaddf0bec739f669acf718cc9b0e2d7f12bd7be"
url = "https://github.com/grafana/k6/releases/download/v1.3.0/k6-v1.3.0-macos-arm64.zip"
url_api = "https://api.github.com/repos/grafana/k6/releases/assets/296330570"

[[tools.kind]]
version = "v0.32.0"
backend = "aqua:kubernetes-sigs/kind"

[tools.kind."platforms.linux-x64"]
checksum = "sha256:50030de23cf40a18505f20426f6a8506bedf13c6e509244bd1fa9463721b0f54"
url = "https://github.com/kubernetes-sigs/kind/releases/download/v0.32.0/kind-linux-amd64"
url_api = "https://api.github.com/repos/kubernetes-sigs/kind/releases/assets/436442498"

[tools.kind."platforms.linux-x64-musl"]
checksum = "sha256:50030de23cf40a18505f20426f6a8506bedf13c6e509244bd1fa9463721b0f54"
url = "https://github.com/kubernetes-sigs/kind/releases/download/v0.32.0/kind-linux-amd64"
url_api = "https://api.github.com/repos/kubernetes-sigs/kind/releases/assets/436442498"

[tools.kind."platforms.macos-arm64"]
checksum = "sha256:dca67911095a110c2b5c36e26df6cac860c602033e456c0db47be498cdef1ebb"
url = "https://github.com/kubernetes-sigs/kind/releases/download/v0.32.0/kind-darwin-arm64"
url_api = "https://api.github.com/repos/kubernetes-sigs/kind/releases/assets/436442412"

[[tools.kubectl]]
version = "v1.34.0"
backend = "aqua:kubernetes/kubernetes/kubectl"

[tools.kubectl."platforms.linux-x64"]
checksum = "sha256:cfda68cba5848bc3b6c6135ae2f20ba2c78de20059f68789c090166d6abc3e2c"
url = "https://dl.k8s.io/v1.34.0/bin/linux/amd64/kubectl"

[tools.kubectl."platforms.linux-x64-musl"]
checksum = "sha256:cfda68cba5848bc3b6c6135ae2f20ba2c78de20059f68789c090166d6abc3e2c"
url = "https://dl.k8s.io/v1.34.0/bin/linux/amd64/kubectl"

[tools.kubectl."platforms.macos-arm64"]
checksum = "sha256:d491f4c47c34856188d38e87a27866bd94a66a57b8db3093a82ae43baf3bb20d"
url = "https://dl.k8s.io/v1.34.0/bin/darwin/arm64/kubectl"

[[tools.node]]
version = "20.20.2"
backend = "core:node"

[tools.node."platforms.linux-x64"]
checksum = "sha256:19e56f0825510207dd904f087fe52faa0a4eb6b2aab5f0ea7a33830d04888b8b"
url = "https://nodejs.org/dist/v20.20.2/node-v20.20.2-linux-x64.tar.gz"

[tools.node."platforms.linux-x64-musl"]
checksum = "sha256:0a335b43b5f0a3279d9c411b333a55ce98c02b875ba14033952c809ef89ac773"
url = "https://unofficial-builds.nodejs.org/download/release/v20.20.2/node-v20.20.2-linux-x64-musl.tar.gz"

[tools.node."platforms.macos-arm64"]
checksum = "sha256:466e05f3477c20dfb723054dfebffe55bc74660ee77f612166fca121dacb65b6"
url = "https://nodejs.org/dist/v20.20.2/node-v20.20.2-darwin-arm64.tar.gz"

[[tools."npm:fern-api"]]
version = "5.65.2"
backend = "npm:fern-api"

[[tools.skaffold]]
version = "v2.21.0"
backend = "aqua:GoogleContainerTools/skaffold"

[tools.skaffold."platforms.linux-x64"]
url = "https://storage.googleapis.com/skaffold/releases/v2.21.0/skaffold-linux-amd64"

[tools.skaffold."platforms.linux-x64-musl"]
url = "https://storage.googleapis.com/skaffold/releases/v2.21.0/skaffold-linux-amd64"

[tools.skaffold."platforms.macos-arm64"]
url = "https://storage.googleapis.com/skaffold/releases/v2.21.0/skaffold-darwin-arm64"

[[tools.yq]]
version = "v4.52.5"
backend = "aqua:mikefarah/yq"

[tools.yq."platforms.linux-x64"]
checksum = "sha256:75d893a0d5940d1019cb7cdc60001d9e876623852c31cfc6267047bc31149fa9"
url = "https://github.com/mikefarah/yq/releases/download/v4.52.5/yq_linux_amd64"
url_api = "https://api.github.com/repos/mikefarah/yq/releases/assets/381629671"

[tools.yq."platforms.linux-x64-musl"]
checksum = "sha256:75d893a0d5940d1019cb7cdc60001d9e876623852c31cfc6267047bc31149fa9"
url = "https://github.com/mikefarah/yq/releases/download/v4.52.5/yq_linux_amd64"
url_api = "https://api.github.com/repos/mikefarah/yq/releases/assets/381629671"

[tools.yq."platforms.macos-arm64"]
checksum = "sha256:45a12e64d4bd8a31c72ee1b889e81f1b1110e801baad3d6f030c111db0068de0"
url = "https://github.com/mikefarah/yq/releases/download/v4.52.5/yq_darwin_arm64"
url_api = "https://api.github.com/repos/mikefarah/yq/releases/assets/381629667"
