dependencies:
- name: agentgateway
  repository: oci://cr.agentgateway.dev/charts
  version: v1.4.1
- name: valkey
  repository: https://valkey-io.github.io/valkey-helm
  version: 0.9.4
digest: sha256:95a90516b959004c91319be19730bd8470b5018be704627fae2e86d568b937f3
generated: "2026-07-30T14:31:44.80307-07:00"
